{
	"requires": true,
	"lockfileVersion": 1,
	"dependencies": {
		"@mapbox/stylelint-processor-arbitrary-tags": {
			"version": "0.2.0",
			"resolved": "https://registry.npmjs.org/@mapbox/stylelint-processor-arbitrary-tags/-/stylelint-processor-arbitrary-tags-0.2.0.tgz",
			"integrity": "sha512-58l3WteJg2nvs1l8s0zoFffDZyDjeo+sM48IK6ZaG/luxM7xmThz+di3+KrwN61gnWDeb/cUmK2DT+Y99kTN0w==",
			"requires": {
				"execall": "1.0.0",
				"split-lines": "1.1.0"
			}
		},
		"clone-regexp": {
			"version": "1.0.0",
			"resolved": "https://registry.npmjs.org/clone-regexp/-/clone-regexp-1.0.0.tgz",
			"integrity": "sha1-6uCiQT9VwJQvgYwin+/OhF1/Oxw=",
			"requires": {
				"is-regexp": "1.0.0",
				"is-supported-regexp-flag": "1.0.0"
			}
		},
		"execall": {
			"version": "1.0.0",
			"resolved": "https://registry.npmjs.org/execall/-/execall-1.0.0.tgz",
			"integrity": "sha1-c9CQTjlbPKsGWLCNCewlMH8pu3M=",
			"requires": {
				"clone-regexp": "1.0.0"
			}
		},
		"is-regexp": {
			"version": "1.0.0",
			"resolved": "https://registry.npmjs.org/is-regexp/-/is-regexp-1.0.0.tgz",
			"integrity": "sha1-/S2INUXEa6xaYz57mgnof6LLUGk="
		},
		"is-supported-regexp-flag": {
			"version": "1.0.0",
			"resolved": "https://registry.npmjs.org/is-supported-regexp-flag/-/is-supported-regexp-flag-1.0.0.tgz",
			"integrity": "sha1-i1IMhfrnolM4LUsCZS4EVXbhO7g="
		},
		"split-lines": {
			"version": "1.1.0",
			"resolved": "https://registry.npmjs.org/split-lines/-/split-lines-1.1.0.tgz",
			"integrity": "sha1-Oruo9ZhhQUL5240nq2q4dWYqHgk="
		},
		"stylelint-config-recommended": {
			"version": "2.0.1",
			"resolved": "https://registry.npmjs.org/stylelint-config-recommended/-/stylelint-config-recommended-2.0.1.tgz",
			"integrity": "sha512-FXdgdOEGpaFQoKGhsi8IbsCI6dkxHQPa1CCqIybkN1d8LKtdxrn/A1rgu8DpJ6J+/4L30FOJeVdPttGfxCDHBQ=="
		},
		"stylelint-config-standard": {
			"version": "18.0.0",
			"resolved": "https://registry.npmjs.org/stylelint-config-standard/-/stylelint-config-standard-18.0.0.tgz",
			"integrity": "sha1-DYcrQPr9zdz0GI+1tk3bOIforvw=",
			"requires": {
				"stylelint-config-recommended": "2.0.1"
			}
		}
	}
}
